
Microsoft Visual Studio Solution File, Format Version 12.00
# Visual Studio Version 17
VisualStudioVersion = 17.9.34622.214
MinimumVisualStudioVersion = 10.0.40219.1
Project("{9A19103F-16F7-4668-BE54-9A1E7A4F7556}") = "ServerApp", "ServerApp.csproj", "{06ADF2B8-5699-4587-A529-4623546DD79B}"
EndProject
Project("{9A19103F-16F7-4668-BE54-9A1E7A4F7556}") = "SampleForm", "B:\Test Projects\SignalR App\SampleForm\SampleForm.csproj", "{036E0838-23D8-49FE-B1AA-C592E0EEC33D}"
EndProject
Project("{9A19103F-16F7-4668-BE54-9A1E7A4F7556}") = "WinFormsLibrary2", "..\WinFormsLibrary2\WinFormsLibrary2.csproj", "{EEE4B1DB-EE4A-4435-8DB1-F04C2D6E727E}"
EndProject
Global
	GlobalSection(SolutionConfigurationPlatforms) = preSolution
		Debug|Any CPU = Debug|Any CPU
		Release|Any CPU = Release|Any CPU
	EndGlobalSection
	GlobalSection(ProjectConfigurationPlatforms) = postSolution
		{06ADF2B8-5699-4587-A529-4623546DD79B}.Debug|Any CPU.ActiveCfg = Debug|Any CPU
		{06ADF2B8-5699-4587-A529-4623546DD79B}.Debug|Any CPU.Build.0 = Debug|Any CPU
		{06ADF2B8-5699-4587-A529-4623546DD79B}.Release|Any CPU.ActiveCfg = Release|Any CPU
		{06ADF2B8-5699-4587-A529-4623546DD79B}.Release|Any CPU.Build.0 = Release|Any CPU
		{036E0838-23D8-49FE-B1AA-C592E0EEC33D}.Debug|Any CPU.ActiveCfg = Debug|Any CPU
		{036E0838-23D8-49FE-B1AA-C592E0EEC33D}.Debug|Any CPU.Build.0 = Debug|Any CPU
		{036E0838-23D8-49FE-B1AA-C592E0EEC33D}.Release|Any CPU.ActiveCfg = Release|Any CPU
		{036E0838-23D8-49FE-B1AA-C592E0EEC33D}.Release|Any CPU.Build.0 = Release|Any CPU
		{EEE4B1DB-EE4A-4435-8DB1-F04C2D6E727E}.Debug|Any CPU.ActiveCfg = Debug|Any CPU
		{EEE4B1DB-EE4A-4435-8DB1-F04C2D6E727E}.Debug|Any CPU.Build.0 = Debug|Any CPU
		{EEE4B1DB-EE4A-4435-8DB1-F04C2D6E727E}.Release|Any CPU.ActiveCfg = Release|Any CPU
		{EEE4B1DB-EE4A-4435-8DB1-F04C2D6E727E}.Release|Any CPU.Build.0 = Release|Any CPU
	EndGlobalSection
	GlobalSection(SolutionProperties) = preSolution
		HideSolutionNode = FALSE
	EndGlobalSection
	GlobalSection(ExtensibilityGlobals) = postSolution
		SolutionGuid = {F42090D2-1D3A-4DC9-8C3B-DA3A3531BAE8}
	EndGlobalSection
EndGlobal
